
Microsoft Visual Studio Solution File, Format Version 12.00
# Visual Studio Version 17
VisualStudioVersion = 17.3.32825.248
MinimumVisualStudioVersion = 10.0.40219.1
Project("{FAE04EC0-301F-11D3-BF4B-00C04F79EFBC}") = "OsztalyDia", "OsztalyDia\OsztalyDia.csproj", "{FAD4C3D0-E731-406A-BA50-AF3F7318B64B}"
EndProject
Global
	GlobalSection(SolutionConfigurationPlatforms) = preSolution
		Debug|Any CPU = Debug|Any CPU
		Release|Any CPU = Release|Any CPU
	EndGlobalSection
	GlobalSection(ProjectConfigurationPlatforms) = postSolution
		{FAD4C3D0-E731-406A-BA50-AF3F7318B64B}.Debug|Any CPU.ActiveCfg = Debug|Any CPU
		{FAD4C3D0-E731-406A-BA50-AF3F7318B64B}.Debug|Any CPU.Build.0 = Debug|Any CPU
		{FAD4C3D0-E731-406A-BA50-AF3F7318B64B}.Release|Any CPU.ActiveCfg = Release|Any CPU
		{FAD4C3D0-E731-406A-BA50-AF3F7318B64B}.Release|Any CPU.Build.0 = Release|Any CPU
	EndGlobalSection
	GlobalSection(SolutionProperties) = preSolution
		HideSolutionNode = FALSE
	EndGlobalSection
	GlobalSection(ExtensibilityGlobals) = postSolution
		SolutionGuid = {9E350BB8-8425-47CC-8227-F09CBC77F539}
	EndGlobalSection
EndGlobal
